// !$*UTF8*$!
{
	archiveVersion = 1;
	classes = {
	};
	objectVersion = 46;
	objects = {

/* Begin PBXBuildFile section */
		87C4BBF61C333B8D00D26548 /* main.m in Sources */ = {isa = PBXBuildFile; fileRef = 87C4BBF51C333B8D00D26548 /* main.m */; };
		87C4BBF91C333B8D00D26548 /* AppDelegate.m in Sources */ = {isa = PBXBuildFile; fileRef = 87C4BBF81C333B8D00D26548 /* AppDelegate.m */; };
		87C4BBFC1C333B8D00D26548 /* ImportViewController.m in Sources */ = {isa = PBXBuildFile; fileRef = 87C4BBFB1C333B8D00D26548 /* ImportViewController.m */; };
		87C4BBFF1C333B8D00D26548 /* Main.storyboard in Resources */ = {isa = PBXBuildFile; fileRef = 87C4BBFD1C333B8D00D26548 /* Main.storyboard */; };
		87C4BC021C333B8D00D26548 /* ChicagoTransitDataImport.xcdatamodeld in Sources */ = {isa = PBXBuildFile; fileRef = 87C4BC001C333B8D00D26548 /* ChicagoTransitDataImport.xcdatamodeld */; };
		87C4BC041C333B8D00D26548 /* Assets.xcassets in Resources */ = {isa = PBXBuildFile; fileRef = 87C4BC031C333B8D00D26548 /* Assets.xcassets */; };
		87C4BC071C333B8D00D26548 /* LaunchScreen.storyboard in Resources */ = {isa = PBXBuildFile; fileRef = 87C4BC051C333B8D00D26548 /* LaunchScreen.storyboard */; };
		87C4BC101C333BCE00D26548 /* Store.m in Sources */ = {isa = PBXBuildFile; fileRef = 87C4BC0F1C333BCE00D26548 /* Store.m */; };
		87C4BC121C333DA500D26548 /* UIKit.framework in Frameworks */ = {isa = PBXBuildFile; fileRef = 87C4BC111C333DA500D26548 /* UIKit.framework */; };
		87C4BC151C333DCC00D26548 /* Foundation.framework in Frameworks */ = {isa = PBXBuildFile; fileRef = 87C4BC141C333DCC00D26548 /* Foundation.framework */; };
		87C4BC171C333DD100D26548 /* CoreGraphics.framework in Frameworks */ = {isa = PBXBuildFile; fileRef = 87C4BC161C333DD100D26548 /* CoreGraphics.framework */; };
		87C4BC191C333DD500D26548 /* CoreData.framework in Frameworks */ = {isa = PBXBuildFile; fileRef = 87C4BC181C333DD500D26548 /* CoreData.framework */; };
		87C4BC1D1C333F5E00D26548 /* ImportOperation.m in Sources */ = {isa = PBXBuildFile; fileRef = 87C4BC1C1C333F5E00D26548 /* ImportOperation.m */; };
/* End PBXBuildFile section */

/* Begin PBXFileReference section */
		87C4BBF11C333B8D00D26548 /* ChicagoTransitDataImport.app */ = {isa = PBXFileReference; explicitFileType = wrapper.application; includeInIndex = 0; path = ChicagoTransitDataImport.app; sourceTree = BUILT_PRODUCTS_DIR; };
		87C4BBF51C333B8D00D26548 /* main.m */ = {isa = PBXFileReference; lastKnownFileType = sourcecode.c.objc; path = main.m; sourceTree = "<group>"; };
		87C4BBF71C333B8D00D26548 /* AppDelegate.h */ = {isa = PBXFileReference; lastKnownFileType = sourcecode.c.h; path = AppDelegate.h; sourceTree = "<group>"; };
		87C4BBF81C333B8D00D26548 /* AppDelegate.m */ = {isa = PBXFileReference; lastKnownFileType = sourcecode.c.objc; path = AppDelegate.m; sourceTree = "<group>"; };
		87C4BBFA1C333B8D00D26548 /* ImportViewController.h */ = {isa = PBXFileReference; lastKnownFileType = sourcecode.c.h; path = ImportViewController.h; sourceTree = "<group>"; };
		87C4BBFB1C333B8D00D26548 /* ImportViewController.m */ = {isa = PBXFileReference; lastKnownFileType = sourcecode.c.objc; path = ImportViewController.m; sourceTree = "<group>"; };
		87C4BBFE1C333B8D00D26548 /* Base */ = {isa = PBXFileReference; lastKnownFileType = file.storyboard; name = Base; path = Base.lproj/Main.storyboard; sourceTree = "<group>"; };
		87C4BC011C333B8D00D26548 /* ChicagoTransitDataImport.xcdatamodel */ = {isa = PBXFileReference; lastKnownFileType = wrapper.xcdatamodel; path = ChicagoTransitDataImport.xcdatamodel; sourceTree = "<group>"; };
		87C4BC031C333B8D00D26548 /* Assets.xcassets */ = {isa = PBXFileReference; lastKnownFileType = folder.assetcatalog; path = Assets.xcassets; sourceTree = "<group>"; };
		87C4BC061C333B8D00D26548 /* Base */ = {isa = PBXFileReference; lastKnownFileType = file.storyboard; name = Base; path = Base.lproj/LaunchScreen.storyboard; sourceTree = "<group>"; };
		87C4BC081C333B8D00D26548 /* Info.plist */ = {isa = PBXFileReference; lastKnownFileType = text.plist.xml; path = Info.plist; sourceTree = "<group>"; };
		87C4BC0E1C333BCE00D26548 /* Store.h */ = {isa = PBXFileReference; fileEncoding = 4; lastKnownFileType = sourcecode.c.h; path = Store.h; sourceTree = "<group>"; };
		87C4BC0F1C333BCE00D26548 /* Store.m */ = {isa = PBXFileReference; fileEncoding = 4; lastKnownFileType = sourcecode.c.objc; path = Store.m; sourceTree = "<group>"; };
		87C4BC111C333DA500D26548 /* UIKit.framework */ = {isa = PBXFileReference; lastKnownFileType = wrapper.framework; name = UIKit.framework; path = System/Library/Frameworks/UIKit.framework; sourceTree = SDKROOT; };
		87C4BC141C333DCC00D26548 /* Foundation.framework */ = {isa = PBXFileReference; lastKnownFileType = wrapper.framework; name = Foundation.framework; path = System/Library/Frameworks/Foundation.framework; sourceTree = SDKROOT; };
		87C4BC161C333DD100D26548 /* CoreGraphics.framework */ = {isa = PBXFileReference; lastKnownFileType = wrapper.framework; name = CoreGraphics.framework; path = System/Library/Frameworks/CoreGraphics.framework; sourceTree = SDKROOT; };
		87C4BC181C333DD500D26548 /* CoreData.framework */ = {isa = PBXFileReference; lastKnownFileType = wrapper.framework; name = CoreData.framework; path = System/Library/Frameworks/CoreData.framework; sourceTree = SDKROOT; };
		87C4BC1A1C333E8900D26548 /* ChicagoTransitDataImport.pch */ = {isa = PBXFileReference; lastKnownFileType = sourcecode.c.h; path = ChicagoTransitDataImport.pch; sourceTree = "<group>"; };
		87C4BC1B1C333F5E00D26548 /* ImportOperation.h */ = {isa = PBXFileReference; fileEncoding = 4; lastKnownFileType = sourcecode.c.h; path = ImportOperation.h; sourceTree = "<group>"; };
		87C4BC1C1C333F5E00D26548 /* ImportOperation.m */ = {isa = PBXFileReference; fileEncoding = 4; lastKnownFileType = sourcecode.c.objc; path = ImportOperation.m; sourceTree = "<group>"; };
/* End PBXFileReference section */

/* Begin PBXFrameworksBuildPhase section */
		87C4BBEE1C333B8D00D26548 /* Frameworks */ = {
			isa = PBXFrameworksBuildPhase;
			buildActionMask = 2147483647;
			files = (
				87C4BC191C333DD500D26548 /* CoreData.framework in Frameworks */,
				87C4BC171C333DD100D26548 /* CoreGraphics.framework in Frameworks */,
				87C4BC151C333DCC00D26548 /* Foundation.framework in Frameworks */,
				87C4BC121C333DA500D26548 /* UIKit.framework in Frameworks */,
			);
			runOnlyForDeploymentPostprocessing = 0;
		};
/* End PBXFrameworksBuildPhase section */

/* Begin PBXGroup section */
		87C4BBE81C333B8D00D26548 = {
			isa = PBXGroup;
			children = (
				87C4BBF31C333B8D00D26548 /* ChicagoTransitDataImport */,
				87C4BC131C333DAD00D26548 /* Frameworks */,
				87C4BBF21C333B8D00D26548 /* Products */,
			);
			sourceTree = "<group>";
		};
		87C4BBF21C333B8D00D26548 /* Products */ = {
			isa = PBXGroup;
			children = (
				87C4BBF11C333B8D00D26548 /* ChicagoTransitDataImport.app */,
			);
			name = Products;
			sourceTree = "<group>";
		};
		87C4BBF31C333B8D00D26548 /* ChicagoTransitDataImport */ = {
			isa = PBXGroup;
			children = (
				87C4BBF71C333B8D00D26548 /* AppDelegate.h */,
				87C4BBF81C333B8D00D26548 /* AppDelegate.m */,
				87C4BC0E1C333BCE00D26548 /* Store.h */,
				87C4BC0F1C333BCE00D26548 /* Store.m */,
				87C4BBF41C333B8D00D26548 /* Supporting Files */,
				87C4BBFA1C333B8D00D26548 /* ImportViewController.h */,
				87C4BBFB1C333B8D00D26548 /* ImportViewController.m */,
				87C4BBFD1C333B8D00D26548 /* Main.storyboard */,
				87C4BC1B1C333F5E00D26548 /* ImportOperation.h */,
				87C4BC1C1C333F5E00D26548 /* ImportOperation.m */,
				87C4BC031C333B8D00D26548 /* Assets.xcassets */,
				87C4BC051C333B8D00D26548 /* LaunchScreen.storyboard */,
				87C4BC081C333B8D00D26548 /* Info.plist */,
				87C4BC001C333B8D00D26548 /* ChicagoTransitDataImport.xcdatamodeld */,
			);
			path = ChicagoTransitDataImport;
			sourceTree = "<group>";
		};
		87C4BBF41C333B8D00D26548 /* Supporting Files */ = {
			isa = PBXGroup;
			children = (
				87C4BBF51C333B8D00D26548 /* main.m */,
				87C4BC1A1C333E8900D26548 /* ChicagoTransitDataImport.pch */,
			);
			name = "Supporting Files";
			sourceTree = "<group>";
		};
		87C4BC131C333DAD00D26548 /* Frameworks */ = {
			isa = PBXGroup;
			children = (
				87C4BC181C333DD500D26548 /* CoreData.framework */,
				87C4BC161C333DD100D26548 /* CoreGraphics.framework */,
				87C4BC141C333DCC00D26548 /* Foundation.framework */,
				87C4BC111C333DA500D26548 /* UIKit.framework */,
			);
			name = Frameworks;
			path = ChicagoTransitDataImport;
			sourceTree = "<group>";
		};
/* End PBXGroup section */

/* Begin PBXNativeTarget section */
		87C4BBF01C333B8D00D26548 /* ChicagoTransitDataImport */ = {
			isa = PBXNativeTarget;
			buildConfigurationList = 87C4BC0B1C333B8D00D26548 /* Build configuration list for PBXNativeTarget "ChicagoTransitDataImport" */;
			buildPhases = (
				87C4BBED1C333B8D00D26548 /* Sources */,
				87C4BBEE1C333B8D00D26548 /* Frameworks */,
				87C4BBEF1C333B8D00D26548 /* Resources */,
			);
			buildRules = (
			);
			dependencies = (
			);
			name = ChicagoTransitDataImport;
			productName = ChicagoTransitDataImport;
			productReference = 87C4BBF11C333B8D00D26548 /* ChicagoTransitDataImport.app */;
			productType = "com.apple.product-type.application";
		};
/* End PBXNativeTarget section */

/* Begin PBXProject section */
		87C4BBE91C333B8D00D26548 /* Project object */ = {
			isa = PBXProject;
			attributes = {
				LastUpgradeCheck = 0720;
				ORGANIZATIONNAME = "Farley, Ryan";
				TargetAttributes = {
					87C4BBF01C333B8D00D26548 = {
						CreatedOnToolsVersion = 7.2;
					};
				};
			};
			buildConfigurationList = 87C4BBEC1C333B8D00D26548 /* Build configuration list for PBXProject "ChicagoTransitDataImport" */;
			compatibilityVersion = "Xcode 3.2";
			developmentRegion = English;
			hasScannedForEncodings = 0;
			knownRegions = (
				en,
				Base,
			);
			mainGroup = 87C4BBE81C333B8D00D26548;
			productRefGroup = 87C4BBF21C333B8D00D26548 /* Products */;
			projectDirPath = "";
			projectRoot = "";
			targets = (
				87C4BBF01C333B8D00D26548 /* ChicagoTransitDataImport */,
			);
		};
/* End PBXProject section */

/* Begin PBXResourcesBuildPhase section */
		87C4BBEF1C333B8D00D26548 /* Resources */ = {
			isa = PBXResourcesBuildPhase;
			buildActionMask = 2147483647;
			files = (
				87C4BC071C333B8D00D26548 /* LaunchScreen.storyboard in Resources */,
				87C4BC041C333B8D00D26548 /* Assets.xcassets in Resources */,
				87C4BBFF1C333B8D00D26548 /* Main.storyboard in Resources */,
			);
			runOnlyForDeploymentPostprocessing = 0;
		};
/* End PBXResourcesBuildPhase section */

/* Begin PBXSourcesBuildPhase section */
		87C4BBED1C333B8D00D26548 /* Sources */ = {
			isa = PBXSourcesBuildPhase;
			buildActionMask = 2147483647;
			files = (
				87C4BBFC1C333B8D00D26548 /* ImportViewController.m in Sources */,
				87C4BC021C333B8D00D26548 /* ChicagoTransitDataImport.xcdatamodeld in Sources */,
				87C4BBF91C333B8D00D26548 /* AppDelegate.m in Sources */,
				87C4BC101C333BCE00D26548 /* Store.m in Sources */,
				87C4BC1D1C333F5E00D26548 /* ImportOperation.m in Sources */,
				87C4BBF61C333B8D00D26548 /* main.m in Sources */,
			);
			runOnlyForDeploymentPostprocessing = 0;
		};
/* End PBXSourcesBuildPhase section */

/* Begin PBXVariantGroup section */
		87C4BBFD1C333B8D00D26548 /* Main.storyboard */ = {
			isa = PBXVariantGroup;
			children = (
				87C4BBFE1C333B8D00D26548 /* Base */,
			);
			name = Main.storyboard;
			sourceTree = "<group>";
		};
		87C4BC051C333B8D00D26548 /* LaunchScreen.storyboard */ = {
			isa = PBXVariantGroup;
			children = (
				87C4BC061C333B8D00D26548 /* Base */,
			);
			name = LaunchScreen.storyboard;
			sourceTree = "<group>";
		};
/* End PBXVariantGroup section */

/* Begin XCBuildConfiguration section */
		87C4BC091C333B8D00D26548 /* Debug */ = {
			isa = XCBuildConfiguration;
			buildSettings = {
				ALWAYS_SEARCH_USER_PATHS = NO;
				CLANG_CXX_LANGUAGE_STANDARD = "gnu++0x";
				CLANG_CXX_LIBRARY = "libc++";
				CLANG_ENABLE_MODULES = YES;
				CLANG_ENABLE_OBJC_ARC = YES;
				CLANG_WARN_BOOL_CONVERSION = YES;
				CLANG_WARN_CONSTANT_CONVERSION = YES;
				CLANG_WARN_DIRECT_OBJC_ISA_USAGE = YES_ERROR;
				CLANG_WARN_EMPTY_BODY = YES;
				CLANG_WARN_ENUM_CONVERSION = YES;
				CLANG_WARN_INT_CONVERSION = YES;
				CLANG_WARN_OBJC_ROOT_CLASS = YES_ERROR;
				CLANG_WARN_UNREACHABLE_CODE = YES;
				CLANG_WARN__DUPLICATE_METHOD_MATCH = YES;
				"CODE_SIGN_IDENTITY[sdk=iphoneos*]" = "iPhone Developer";
				COPY_PHASE_STRIP = NO;
				DEBUG_INFORMATION_FORMAT = dwarf;
				ENABLE_STRICT_OBJC_MSGSEND = YES;
				ENABLE_TESTABILITY = YES;
				GCC_C_LANGUAGE_STANDARD = gnu99;
				GCC_DYNAMIC_NO_PIC = NO;
				GCC_NO_COMMON_BLOCKS = YES;
				GCC_OPTIMIZATION_LEVEL = 0;
				GCC_PREPROCESSOR_DEFINITIONS = (
					"DEBUG=1",
					"$(inherited)",
				);
				GCC_WARN_64_TO_32_BIT_CONVERSION = YES;
				GCC_WARN_ABOUT_RETURN_TYPE = YES_ERROR;
				GCC_WARN_UNDECLARED_SELECTOR = YES;
				GCC_WARN_UNINITIALIZED_AUTOS = YES_AGGRESSIVE;
				GCC_WARN_UNUSED_FUNCTION = YES;
				GCC_WARN_UNUSED_VARIABLE = YES;
				IPHONEOS_DEPLOYMENT_TARGET = 9.2;
				MTL_ENABLE_DEBUG_INFO = YES;
				ONLY_ACTIVE_ARCH = YES;
				SDKROOT = iphoneos;
				TARGETED_DEVICE_FAMILY = "1,2";
			};
			name = Debug;
		};
		87C4BC0A1C333B8D00D26548 /* Release */ = {
			isa = XCBuildConfiguration;
			buildSettings = {
				ALWAYS_SEARCH_USER_PATHS = NO;
				CLANG_CXX_LANGUAGE_STANDARD = "gnu++0x";
				CLANG_CXX_LIBRARY = "libc++";
				CLANG_ENABLE_MODULES = YES;
				CLANG_ENABLE_OBJC_ARC = YES;
				CLANG_WARN_BOOL_CONVERSION = YES;
				CLANG_WARN_CONSTANT_CONVERSION = YES;
				CLANG_WARN_DIRECT_OBJC_ISA_USAGE = YES_ERROR;
				CLANG_WARN_EMPTY_BODY = YES;
				CLANG_WARN_ENUM_CONVERSION = YES;
				CLANG_WARN_INT_CONVERSION = YES;
				CLANG_WARN_OBJC_ROOT_CLASS = YES_ERROR;
				CLANG_WARN_UNREACHABLE_CODE = YES;
				CLANG_WARN__DUPLICATE_METHOD_MATCH = YES;
				"CODE_SIGN_IDENTITY[sdk=iphoneos*]" = "iPhone Developer";
				COPY_PHASE_STRIP = NO;
				DEBUG_INFORMATION_FORMAT = "dwarf-with-dsym";
				ENABLE_NS_ASSERTIONS = NO;
				ENABLE_STRICT_OBJC_MSGSEND = YES;
				GCC_C_LANGUAGE_STANDARD = gnu99;
				GCC_NO_COMMON_BLOCKS = YES;
				GCC_WARN_64_TO_32_BIT_CONVERSION = YES;
				GCC_WARN_ABOUT_RETURN_TYPE = YES_ERROR;
				GCC_WARN_UNDECLARED_SELECTOR = YES;
				GCC_WARN_UNINITIALIZED_AUTOS = YES_AGGRESSIVE;
				GCC_WARN_UNUSED_FUNCTION = YES;
				GCC_WARN_UNUSED_VARIABLE = YES;
				IPHONEOS_DEPLOYMENT_TARGET = 9.2;
				MTL_ENABLE_DEBUG_INFO = NO;
				SDKROOT = iphoneos;
				TARGETED_DEVICE_FAMILY = "1,2";
				VALIDATE_PRODUCT = YES;
			};
			name = Release;
		};
		87C4BC0C1C333B8D00D26548 /* Debug */ = {
			isa = XCBuildConfiguration;
			buildSettings = {
				ASSETCATALOG_COMPILER_APPICON_NAME = AppIcon;
				GCC_PREFIX_HEADER = ChicagoTransitDataImport/ChicagoTransitDataImport.pch;
				INFOPLIST_FILE = ChicagoTransitDataImport/Info.plist;
				LD_RUNPATH_SEARCH_PATHS = "$(inherited) @executable_path/Frameworks";
				PRODUCT_BUNDLE_IDENTIFIER = com.agentten.ChicagoTransitDataImport;
				PRODUCT_NAME = "$(TARGET_NAME)";
			};
			name = Debug;
		};
		87C4BC0D1C333B8D00D26548 /* Release */ = {
			isa = XCBuildConfiguration;
			buildSettings = {
				ASSETCATALOG_COMPILER_APPICON_NAME = AppIcon;
				GCC_PREFIX_HEADER = ChicagoTransitDataImport/ChicagoTransitDataImport.pch;
				INFOPLIST_FILE = ChicagoTransitDataImport/Info.plist;
				LD_RUNPATH_SEARCH_PATHS = "$(inherited) @executable_path/Frameworks";
				PRODUCT_BUNDLE_IDENTIFIER = com.agentten.ChicagoTransitDataImport;
				PRODUCT_NAME = "$(TARGET_NAME)";
			};
			name = Release;
		};
/* End XCBuildConfiguration section */

/* Begin XCConfigurationList section */
		87C4BBEC1C333B8D00D26548 /* Build configuration list for PBXProject "ChicagoTransitDataImport" */ = {
			isa = XCConfigurationList;
			buildConfigurations = (
				87C4BC091C333B8D00D26548 /* Debug */,
				87C4BC0A1C333B8D00D26548 /* Release */,
			);
			defaultConfigurationIsVisible = 0;
			defaultConfigurationName = Release;
		};
		87C4BC0B1C333B8D00D26548 /* Build configuration list for PBXNativeTarget "ChicagoTransitDataImport" */ = {
			isa = XCConfigurationList;
			buildConfigurations = (
				87C4BC0C1C333B8D00D26548 /* Debug */,
				87C4BC0D1C333B8D00D26548 /* Release */,
			);
			defaultConfigurationIsVisible = 0;
		};
/* End XCConfigurationList section */

/* Begin XCVersionGroup section */
		87C4BC001C333B8D00D26548 /* ChicagoTransitDataImport.xcdatamodeld */ = {
			isa = XCVersionGroup;
			children = (
				87C4BC011C333B8D00D26548 /* ChicagoTransitDataImport.xcdatamodel */,
			);
			currentVersion = 87C4BC011C333B8D00D26548 /* ChicagoTransitDataImport.xcdatamodel */;
			path = ChicagoTransitDataImport.xcdatamodeld;
			sourceTree = "<group>";
			versionGroupType = wrapper.xcdatamodel;
		};
/* End XCVersionGroup section */
	};
	rootObject = 87C4BBE91C333B8D00D26548 /* Project object */;
}
